
Microsoft Visual Studio Solution File, Format Version 12.00
# Visual Studio Version 16
VisualStudioVersion = 16.0.30717.126
MinimumVisualStudioVersion = 10.0.40219.1
Project("{FAE04EC0-301F-11D3-BF4B-00C04F79EFBC}") = "Wines", "Iris\Wines.csproj", "{69F3481E-BDA1-4B66-B0FA-3BF86345C970}"
EndProject
Global
	GlobalSection(SolutionConfigurationPlatforms) = preSolution
		Debug|Any CPU = Debug|Any CPU
		Release|Any CPU = Release|Any CPU
	EndGlobalSection
	GlobalSection(ProjectConfigurationPlatforms) = postSolution
		{69F3481E-BDA1-4B66-B0FA-3BF86345C970}.Debug|Any CPU.ActiveCfg = Debug|Any CPU
		{69F3481E-BDA1-4B66-B0FA-3BF86345C970}.Debug|Any CPU.Build.0 = Debug|Any CPU
		{69F3481E-BDA1-4B66-B0FA-3BF86345C970}.Release|Any CPU.ActiveCfg = Release|Any CPU
		{69F3481E-BDA1-4B66-B0FA-3BF86345C970}.Release|Any CPU.Build.0 = Release|Any CPU
	EndGlobalSection
	GlobalSection(SolutionProperties) = preSolution
		HideSolutionNode = FALSE
	EndGlobalSection
	GlobalSection(ExtensibilityGlobals) = postSolution
		SolutionGuid = {DB7B9FD8-D1F6-4E25-8614-4C861BB525EA}
	EndGlobalSection
EndGlobal
